
Microsoft Visual Studio Solution File, Format Version 12.00
# Visual Studio 15
VisualStudioVersion = 15.0.27004.2002
MinimumVisualStudioVersion = 10.0.40219.1
Project("{FAE04EC0-301F-11D3-BF4B-00C04F79EFBC}") = "P01_Phonebook", "P01_Phonebook\P01_Phonebook.csproj", "{15221548-6DA5-4CD0-A958-B1C95DF24BAC}"
EndProject
Global
	GlobalSection(SolutionConfigurationPlatforms) = preSolution
		Debug|Any CPU = Debug|Any CPU
		Release|Any CPU = Release|Any CPU
	EndGlobalSection
	GlobalSection(ProjectConfigurationPlatforms) = postSolution
		{15221548-6DA5-4CD0-A958-B1C95DF24BAC}.Debug|Any CPU.ActiveCfg = Debug|Any CPU
		{15221548-6DA5-4CD0-A958-B1C95DF24BAC}.Debug|Any CPU.Build.0 = Debug|Any CPU
		{15221548-6DA5-4CD0-A958-B1C95DF24BAC}.Release|Any CPU.ActiveCfg = Release|Any CPU
		{15221548-6DA5-4CD0-A958-B1C95DF24BAC}.Release|Any CPU.Build.0 = Release|Any CPU
	EndGlobalSection
	GlobalSection(SolutionProperties) = preSolution
		HideSolutionNode = FALSE
	EndGlobalSection
	GlobalSection(ExtensibilityGlobals) = postSolution
		SolutionGuid = {F3B40D14-6D0A-4123-8F69-3C8648FC9817}
	EndGlobalSection
EndGlobal
