
Microsoft Visual Studio Solution File, Format Version 12.00
# Visual Studio 15
VisualStudioVersion = 15.0.27004.2006
MinimumVisualStudioVersion = 10.0.40219.1
Project("{FAE04EC0-301F-11D3-BF4B-00C04F79EFBC}") = "P01_Trainers", "P01_Trainers\P01_Trainers.csproj", "{2A9B58DF-6EA8-4CE7-AA69-2242E9EA2553}"
EndProject
Project("{FAE04EC0-301F-11D3-BF4B-00C04F79EFBC}") = "P02_Entertrain", "P02_Entertrain\P02_Entertrain.csproj", "{94487A82-7522-4CBB-B37C-AC817B40F966}"
EndProject
Project("{FAE04EC0-301F-11D3-BF4B-00C04F79EFBC}") = "P03_Trainegram", "P03_Trainegram\P03_Trainegram.csproj", "{40CEEA4E-9E4B-4B80-839B-25544A69C03D}"
EndProject
Project("{FAE04EC0-301F-11D3-BF4B-00C04F79EFBC}") = "P04_TrainLands", "P04_TrainLands\P04_TrainLands.csproj", "{2278F736-3CB1-4965-B8A0-BA30BAC8118B}"
EndProject
Global
	GlobalSection(SolutionConfigurationPlatforms) = preSolution
		Debug|Any CPU = Debug|Any CPU
		Release|Any CPU = Release|Any CPU
	EndGlobalSection
	GlobalSection(ProjectConfigurationPlatforms) = postSolution
		{2A9B58DF-6EA8-4CE7-AA69-2242E9EA2553}.Debug|Any CPU.ActiveCfg = Debug|Any CPU
		{2A9B58DF-6EA8-4CE7-AA69-2242E9EA2553}.Debug|Any CPU.Build.0 = Debug|Any CPU
		{2A9B58DF-6EA8-4CE7-AA69-2242E9EA2553}.Release|Any CPU.ActiveCfg = Release|Any CPU
		{2A9B58DF-6EA8-4CE7-AA69-2242E9EA2553}.Release|Any CPU.Build.0 = Release|Any CPU
		{94487A82-7522-4CBB-B37C-AC817B40F966}.Debug|Any CPU.ActiveCfg = Debug|Any CPU
		{94487A82-7522-4CBB-B37C-AC817B40F966}.Debug|Any CPU.Build.0 = Debug|Any CPU
		{94487A82-7522-4CBB-B37C-AC817B40F966}.Release|Any CPU.ActiveCfg = Release|Any CPU
		{94487A82-7522-4CBB-B37C-AC817B40F966}.Release|Any CPU.Build.0 = Release|Any CPU
		{40CEEA4E-9E4B-4B80-839B-25544A69C03D}.Debug|Any CPU.ActiveCfg = Debug|Any CPU
		{40CEEA4E-9E4B-4B80-839B-25544A69C03D}.Debug|Any CPU.Build.0 = Debug|Any CPU
		{40CEEA4E-9E4B-4B80-839B-25544A69C03D}.Release|Any CPU.ActiveCfg = Release|Any CPU
		{40CEEA4E-9E4B-4B80-839B-25544A69C03D}.Release|Any CPU.Build.0 = Release|Any CPU
		{2278F736-3CB1-4965-B8A0-BA30BAC8118B}.Debug|Any CPU.ActiveCfg = Debug|Any CPU
		{2278F736-3CB1-4965-B8A0-BA30BAC8118B}.Debug|Any CPU.Build.0 = Debug|Any CPU
		{2278F736-3CB1-4965-B8A0-BA30BAC8118B}.Release|Any CPU.ActiveCfg = Release|Any CPU
		{2278F736-3CB1-4965-B8A0-BA30BAC8118B}.Release|Any CPU.Build.0 = Release|Any CPU
	EndGlobalSection
	GlobalSection(SolutionProperties) = preSolution
		HideSolutionNode = FALSE
	EndGlobalSection
	GlobalSection(ExtensibilityGlobals) = postSolution
		SolutionGuid = {BA2DDA14-5380-4A6C-BC7F-15699AF83983}
	EndGlobalSection
EndGlobal
