
Microsoft Visual Studio Solution File, Format Version 12.00
# Visual Studio 15
VisualStudioVersion = 15.0.27004.2005
MinimumVisualStudioVersion = 10.0.40219.1
Project("{FAE04EC0-301F-11D3-BF4B-00C04F79EFBC}") = "P04_CODE", "P04_CODE\P04_CODE.csproj", "{A092F5E7-56A4-4514-842E-800B8FB93FC0}"
EndProject
Global
	GlobalSection(SolutionConfigurationPlatforms) = preSolution
		Debug|Any CPU = Debug|Any CPU
		Release|Any CPU = Release|Any CPU
	EndGlobalSection
	GlobalSection(ProjectConfigurationPlatforms) = postSolution
		{A092F5E7-56A4-4514-842E-800B8FB93FC0}.Debug|Any CPU.ActiveCfg = Debug|Any CPU
		{A092F5E7-56A4-4514-842E-800B8FB93FC0}.Debug|Any CPU.Build.0 = Debug|Any CPU
		{A092F5E7-56A4-4514-842E-800B8FB93FC0}.Release|Any CPU.ActiveCfg = Release|Any CPU
		{A092F5E7-56A4-4514-842E-800B8FB93FC0}.Release|Any CPU.Build.0 = Release|Any CPU
	EndGlobalSection
	GlobalSection(SolutionProperties) = preSolution
		HideSolutionNode = FALSE
	EndGlobalSection
	GlobalSection(ExtensibilityGlobals) = postSolution
		SolutionGuid = {1C025543-E657-46A7-B73D-B8D4D0DBBCCD}
	EndGlobalSection
EndGlobal
