
Microsoft Visual Studio Solution File, Format Version 12.00
# Visual Studio 15
VisualStudioVersion = 15.0.27004.2005
MinimumVisualStudioVersion = 10.0.40219.1
Project("{FAE04EC0-301F-11D3-BF4B-00C04F79EFBC}") = "P01_Pokemon", "P01_Pokemon\P01_Pokemon.csproj", "{DABC8016-2926-41F4-94E3-83D94AFFD3DC}"
EndProject
Project("{FAE04EC0-301F-11D3-BF4B-00C04F79EFBC}") = "P02_PokemonDoNotGo", "P02_PokemonDoNotGo\P02_PokemonDoNotGo.csproj", "{E80851B5-2CD8-45A0-A19F-5CA43DCAB003}"
EndProject
Project("{FAE04EC0-301F-11D3-BF4B-00C04F79EFBC}") = "P04_PokemonEvolution", "P04_PokemonEvolution\P04_PokemonEvolution.csproj", "{6F31366F-297C-41F7-895C-222C27398683}"
EndProject
Project("{FAE04EC0-301F-11D3-BF4B-00C04F79EFBC}") = "Helper", "Helper\Helper.csproj", "{C3AF657F-BF9A-4ABE-85E6-E49C1564AFA7}"
EndProject
Global
	GlobalSection(SolutionConfigurationPlatforms) = preSolution
		Debug|Any CPU = Debug|Any CPU
		Release|Any CPU = Release|Any CPU
	EndGlobalSection
	GlobalSection(ProjectConfigurationPlatforms) = postSolution
		{DABC8016-2926-41F4-94E3-83D94AFFD3DC}.Debug|Any CPU.ActiveCfg = Debug|Any CPU
		{DABC8016-2926-41F4-94E3-83D94AFFD3DC}.Debug|Any CPU.Build.0 = Debug|Any CPU
		{DABC8016-2926-41F4-94E3-83D94AFFD3DC}.Release|Any CPU.ActiveCfg = Release|Any CPU
		{DABC8016-2926-41F4-94E3-83D94AFFD3DC}.Release|Any CPU.Build.0 = Release|Any CPU
		{E80851B5-2CD8-45A0-A19F-5CA43DCAB003}.Debug|Any CPU.ActiveCfg = Debug|Any CPU
		{E80851B5-2CD8-45A0-A19F-5CA43DCAB003}.Debug|Any CPU.Build.0 = Debug|Any CPU
		{E80851B5-2CD8-45A0-A19F-5CA43DCAB003}.Release|Any CPU.ActiveCfg = Release|Any CPU
		{E80851B5-2CD8-45A0-A19F-5CA43DCAB003}.Release|Any CPU.Build.0 = Release|Any CPU
		{6F31366F-297C-41F7-895C-222C27398683}.Debug|Any CPU.ActiveCfg = Debug|Any CPU
		{6F31366F-297C-41F7-895C-222C27398683}.Debug|Any CPU.Build.0 = Debug|Any CPU
		{6F31366F-297C-41F7-895C-222C27398683}.Release|Any CPU.ActiveCfg = Release|Any CPU
		{6F31366F-297C-41F7-895C-222C27398683}.Release|Any CPU.Build.0 = Release|Any CPU
		{C3AF657F-BF9A-4ABE-85E6-E49C1564AFA7}.Debug|Any CPU.ActiveCfg = Debug|Any CPU
		{C3AF657F-BF9A-4ABE-85E6-E49C1564AFA7}.Debug|Any CPU.Build.0 = Debug|Any CPU
		{C3AF657F-BF9A-4ABE-85E6-E49C1564AFA7}.Release|Any CPU.ActiveCfg = Release|Any CPU
		{C3AF657F-BF9A-4ABE-85E6-E49C1564AFA7}.Release|Any CPU.Build.0 = Release|Any CPU
	EndGlobalSection
	GlobalSection(SolutionProperties) = preSolution
		HideSolutionNode = FALSE
	EndGlobalSection
	GlobalSection(ExtensibilityGlobals) = postSolution
		SolutionGuid = {058A34C7-EF11-4D21-B3C2-9535856E53E2}
	EndGlobalSection
EndGlobal
