
Microsoft Visual Studio Solution File, Format Version 12.00
# Visual Studio 15
VisualStudioVersion = 15.0.27004.2009
MinimumVisualStudioVersion = 10.0.40219.1
Project("{FAE04EC0-301F-11D3-BF4B-00C04F79EFBC}") = "P01_Convert from Base-10 to Base-N", "P01_Convert from Base-10 to Base-N\P01_Convert from Base-10 to Base-N.csproj", "{842D092A-449B-4255-8B58-ECD3431A878B}"
EndProject
Project("{FAE04EC0-301F-11D3-BF4B-00C04F79EFBC}") = "P02_Convert from Base-N to Base-10", "P02_Convert from Base-N to Base-10\P02_Convert from Base-N to Base-10.csproj", "{448C63B4-B91A-4589-A1E2-B8FC08761682}"
EndProject
Project("{FAE04EC0-301F-11D3-BF4B-00C04F79EFBC}") = "P03_UnicodeCharacters", "P03_UnicodeCharacters\P03_UnicodeCharacters.csproj", "{DE1A870B-56E2-41DE-A5AA-585908103DCC}"
EndProject
Project("{FAE04EC0-301F-11D3-BF4B-00C04F79EFBC}") = "P04_Character Multiplier", "P04_Character Multiplier\P04_Character Multiplier.csproj", "{390BA1B6-710A-400F-985E-CAD9A3C9B1E6}"
EndProject
Global
	GlobalSection(SolutionConfigurationPlatforms) = preSolution
		Debug|Any CPU = Debug|Any CPU
		Release|Any CPU = Release|Any CPU
	EndGlobalSection
	GlobalSection(ProjectConfigurationPlatforms) = postSolution
		{842D092A-449B-4255-8B58-ECD3431A878B}.Debug|Any CPU.ActiveCfg = Debug|Any CPU
		{842D092A-449B-4255-8B58-ECD3431A878B}.Debug|Any CPU.Build.0 = Debug|Any CPU
		{842D092A-449B-4255-8B58-ECD3431A878B}.Release|Any CPU.ActiveCfg = Release|Any CPU
		{842D092A-449B-4255-8B58-ECD3431A878B}.Release|Any CPU.Build.0 = Release|Any CPU
		{448C63B4-B91A-4589-A1E2-B8FC08761682}.Debug|Any CPU.ActiveCfg = Debug|Any CPU
		{448C63B4-B91A-4589-A1E2-B8FC08761682}.Debug|Any CPU.Build.0 = Debug|Any CPU
		{448C63B4-B91A-4589-A1E2-B8FC08761682}.Release|Any CPU.ActiveCfg = Release|Any CPU
		{448C63B4-B91A-4589-A1E2-B8FC08761682}.Release|Any CPU.Build.0 = Release|Any CPU
		{DE1A870B-56E2-41DE-A5AA-585908103DCC}.Debug|Any CPU.ActiveCfg = Debug|Any CPU
		{DE1A870B-56E2-41DE-A5AA-585908103DCC}.Debug|Any CPU.Build.0 = Debug|Any CPU
		{DE1A870B-56E2-41DE-A5AA-585908103DCC}.Release|Any CPU.ActiveCfg = Release|Any CPU
		{DE1A870B-56E2-41DE-A5AA-585908103DCC}.Release|Any CPU.Build.0 = Release|Any CPU
		{390BA1B6-710A-400F-985E-CAD9A3C9B1E6}.Debug|Any CPU.ActiveCfg = Debug|Any CPU
		{390BA1B6-710A-400F-985E-CAD9A3C9B1E6}.Debug|Any CPU.Build.0 = Debug|Any CPU
		{390BA1B6-710A-400F-985E-CAD9A3C9B1E6}.Release|Any CPU.ActiveCfg = Release|Any CPU
		{390BA1B6-710A-400F-985E-CAD9A3C9B1E6}.Release|Any CPU.Build.0 = Release|Any CPU
	EndGlobalSection
	GlobalSection(SolutionProperties) = preSolution
		HideSolutionNode = FALSE
	EndGlobalSection
	GlobalSection(ExtensibilityGlobals) = postSolution
		SolutionGuid = {B21BEEFF-7096-4BBC-B53B-35D2D97614F6}
	EndGlobalSection
EndGlobal
