
Microsoft Visual Studio Solution File, Format Version 12.00
# Visual Studio 15
VisualStudioVersion = 15.0.27004.2010
MinimumVisualStudioVersion = 10.0.40219.1
Project("{FAE04EC0-301F-11D3-BF4B-00C04F79EFBC}") = "P01_RainDrops", "P01_RainDrops\P01_RainDrops.csproj", "{64D22595-102B-48BA-83F5-B9975BF7C310}"
EndProject
Project("{FAE04EC0-301F-11D3-BF4B-00C04F79EFBC}") = "P02_Rainer", "P02_Rainer\P02_Rainer.csproj", "{8BD129AC-059A-48D6-B5CD-D2C1875F7020}"
EndProject
Project("{FAE04EC0-301F-11D3-BF4B-00C04F79EFBC}") = "P03_RainCast", "P03_RainCast\P03_RainCast.csproj", "{D6C0FD7C-3F9E-4814-BFC1-47FB069FD514}"
EndProject
Project("{FAE04EC0-301F-11D3-BF4B-00C04F79EFBC}") = "P04_RainAir", "P04_RainAir\P04_RainAir.csproj", "{7D8483F9-3389-4EE6-B7C2-DC5E974A3FBD}"
EndProject
Global
	GlobalSection(SolutionConfigurationPlatforms) = preSolution
		Debug|Any CPU = Debug|Any CPU
		Release|Any CPU = Release|Any CPU
	EndGlobalSection
	GlobalSection(ProjectConfigurationPlatforms) = postSolution
		{64D22595-102B-48BA-83F5-B9975BF7C310}.Debug|Any CPU.ActiveCfg = Debug|Any CPU
		{64D22595-102B-48BA-83F5-B9975BF7C310}.Debug|Any CPU.Build.0 = Debug|Any CPU
		{64D22595-102B-48BA-83F5-B9975BF7C310}.Release|Any CPU.ActiveCfg = Release|Any CPU
		{64D22595-102B-48BA-83F5-B9975BF7C310}.Release|Any CPU.Build.0 = Release|Any CPU
		{8BD129AC-059A-48D6-B5CD-D2C1875F7020}.Debug|Any CPU.ActiveCfg = Debug|Any CPU
		{8BD129AC-059A-48D6-B5CD-D2C1875F7020}.Debug|Any CPU.Build.0 = Debug|Any CPU
		{8BD129AC-059A-48D6-B5CD-D2C1875F7020}.Release|Any CPU.ActiveCfg = Release|Any CPU
		{8BD129AC-059A-48D6-B5CD-D2C1875F7020}.Release|Any CPU.Build.0 = Release|Any CPU
		{D6C0FD7C-3F9E-4814-BFC1-47FB069FD514}.Debug|Any CPU.ActiveCfg = Debug|Any CPU
		{D6C0FD7C-3F9E-4814-BFC1-47FB069FD514}.Debug|Any CPU.Build.0 = Debug|Any CPU
		{D6C0FD7C-3F9E-4814-BFC1-47FB069FD514}.Release|Any CPU.ActiveCfg = Release|Any CPU
		{D6C0FD7C-3F9E-4814-BFC1-47FB069FD514}.Release|Any CPU.Build.0 = Release|Any CPU
		{7D8483F9-3389-4EE6-B7C2-DC5E974A3FBD}.Debug|Any CPU.ActiveCfg = Debug|Any CPU
		{7D8483F9-3389-4EE6-B7C2-DC5E974A3FBD}.Debug|Any CPU.Build.0 = Debug|Any CPU
		{7D8483F9-3389-4EE6-B7C2-DC5E974A3FBD}.Release|Any CPU.ActiveCfg = Release|Any CPU
		{7D8483F9-3389-4EE6-B7C2-DC5E974A3FBD}.Release|Any CPU.Build.0 = Release|Any CPU
	EndGlobalSection
	GlobalSection(SolutionProperties) = preSolution
		HideSolutionNode = FALSE
	EndGlobalSection
	GlobalSection(ExtensibilityGlobals) = postSolution
		SolutionGuid = {6DFC4193-7B4A-45FD-9125-37A11480F270}
	EndGlobalSection
EndGlobal
