
Microsoft Visual Studio Solution File, Format Version 12.00
# Visual Studio 15
VisualStudioVersion = 15.0.27004.2005
MinimumVisualStudioVersion = 10.0.40219.1
Project("{FAE04EC0-301F-11D3-BF4B-00C04F79EFBC}") = "P01_Count Working Days", "P01_Count Working Days\P01_Count Working Days.csproj", "{BD53C38A-26BC-4647-9718-582BE4AB1584}"
EndProject
Project("{FAE04EC0-301F-11D3-BF4B-00C04F79EFBC}") = "P02_Advertisement Message", "P02_Advertisement Message\P02_Advertisement Message.csproj", "{9275D1A8-3962-4915-B205-9D454B30E4BB}"
EndProject
Project("{FAE04EC0-301F-11D3-BF4B-00C04F79EFBC}") = "P04_Average Grades", "P04_Average Grades\P04_Average Grades.csproj", "{D1C5F4F4-4C3F-4090-B22F-15F1D251D4EF}"
EndProject
Project("{FAE04EC0-301F-11D3-BF4B-00C04F79EFBC}") = "P03_Intersection of Circles", "P03_Intersection of Circles\P03_Intersection of Circles.csproj", "{02E4A85E-A765-49E1-9AD0-4E4D9D986913}"
EndProject
Project("{FAE04EC0-301F-11D3-BF4B-00C04F79EFBC}") = "P05_Book Library", "P05_Book Library\P05_Book Library.csproj", "{39231201-3362-45CE-97DF-66CF86C5C416}"
EndProject
Project("{FAE04EC0-301F-11D3-BF4B-00C04F79EFBC}") = "P06_Book Library Modification", "P06_Book Library Modification\P06_Book Library Modification.csproj", "{F67FC9B1-FDD5-4519-97F0-626496430D77}"
EndProject
Project("{FAE04EC0-301F-11D3-BF4B-00C04F79EFBC}") = "P10_Student Groups", "P10_Student Groups\P10_Student Groups.csproj", "{9A3F27A4-E39C-408B-9F2A-EA16514AE7AD}"
EndProject
Project("{FAE04EC0-301F-11D3-BF4B-00C04F79EFBC}") = "P07_Andrey and Billiard", "P07_Andrey and Billiard\P07_Andrey and Billiard.csproj", "{C767217D-18AA-42FC-B8FE-72088C10CAD5}"
EndProject
Project("{FAE04EC0-301F-11D3-BF4B-00C04F79EFBC}") = "P08_MentorGroup", "P08_MentorGroup\P08_MentorGroup.csproj", "{CA7ED4F2-18D2-40EA-B185-778F83FA58FB}"
EndProject
Project("{FAE04EC0-301F-11D3-BF4B-00C04F79EFBC}") = "P09_Teamwork projects", "P09_Teamwork projects\P09_Teamwork projects.csproj", "{9401E108-89E8-4B2A-8037-58A9ADBD0DCD}"
EndProject
Global
	GlobalSection(SolutionConfigurationPlatforms) = preSolution
		Debug|Any CPU = Debug|Any CPU
		Release|Any CPU = Release|Any CPU
	EndGlobalSection
	GlobalSection(ProjectConfigurationPlatforms) = postSolution
		{BD53C38A-26BC-4647-9718-582BE4AB1584}.Debug|Any CPU.ActiveCfg = Debug|Any CPU
		{BD53C38A-26BC-4647-9718-582BE4AB1584}.Debug|Any CPU.Build.0 = Debug|Any CPU
		{BD53C38A-26BC-4647-9718-582BE4AB1584}.Release|Any CPU.ActiveCfg = Release|Any CPU
		{BD53C38A-26BC-4647-9718-582BE4AB1584}.Release|Any CPU.Build.0 = Release|Any CPU
		{9275D1A8-3962-4915-B205-9D454B30E4BB}.Debug|Any CPU.ActiveCfg = Debug|Any CPU
		{9275D1A8-3962-4915-B205-9D454B30E4BB}.Debug|Any CPU.Build.0 = Debug|Any CPU
		{9275D1A8-3962-4915-B205-9D454B30E4BB}.Release|Any CPU.ActiveCfg = Release|Any CPU
		{9275D1A8-3962-4915-B205-9D454B30E4BB}.Release|Any CPU.Build.0 = Release|Any CPU
		{D1C5F4F4-4C3F-4090-B22F-15F1D251D4EF}.Debug|Any CPU.ActiveCfg = Debug|Any CPU
		{D1C5F4F4-4C3F-4090-B22F-15F1D251D4EF}.Debug|Any CPU.Build.0 = Debug|Any CPU
		{D1C5F4F4-4C3F-4090-B22F-15F1D251D4EF}.Release|Any CPU.ActiveCfg = Release|Any CPU
		{D1C5F4F4-4C3F-4090-B22F-15F1D251D4EF}.Release|Any CPU.Build.0 = Release|Any CPU
		{02E4A85E-A765-49E1-9AD0-4E4D9D986913}.Debug|Any CPU.ActiveCfg = Debug|Any CPU
		{02E4A85E-A765-49E1-9AD0-4E4D9D986913}.Debug|Any CPU.Build.0 = Debug|Any CPU
		{02E4A85E-A765-49E1-9AD0-4E4D9D986913}.Release|Any CPU.ActiveCfg = Release|Any CPU
		{02E4A85E-A765-49E1-9AD0-4E4D9D986913}.Release|Any CPU.Build.0 = Release|Any CPU
		{39231201-3362-45CE-97DF-66CF86C5C416}.Debug|Any CPU.ActiveCfg = Debug|Any CPU
		{39231201-3362-45CE-97DF-66CF86C5C416}.Debug|Any CPU.Build.0 = Debug|Any CPU
		{39231201-3362-45CE-97DF-66CF86C5C416}.Release|Any CPU.ActiveCfg = Release|Any CPU
		{39231201-3362-45CE-97DF-66CF86C5C416}.Release|Any CPU.Build.0 = Release|Any CPU
		{F67FC9B1-FDD5-4519-97F0-626496430D77}.Debug|Any CPU.ActiveCfg = Debug|Any CPU
		{F67FC9B1-FDD5-4519-97F0-626496430D77}.Debug|Any CPU.Build.0 = Debug|Any CPU
		{F67FC9B1-FDD5-4519-97F0-626496430D77}.Release|Any CPU.ActiveCfg = Release|Any CPU
		{F67FC9B1-FDD5-4519-97F0-626496430D77}.Release|Any CPU.Build.0 = Release|Any CPU
		{9A3F27A4-E39C-408B-9F2A-EA16514AE7AD}.Debug|Any CPU.ActiveCfg = Debug|Any CPU
		{9A3F27A4-E39C-408B-9F2A-EA16514AE7AD}.Debug|Any CPU.Build.0 = Debug|Any CPU
		{9A3F27A4-E39C-408B-9F2A-EA16514AE7AD}.Release|Any CPU.ActiveCfg = Release|Any CPU
		{9A3F27A4-E39C-408B-9F2A-EA16514AE7AD}.Release|Any CPU.Build.0 = Release|Any CPU
		{C767217D-18AA-42FC-B8FE-72088C10CAD5}.Debug|Any CPU.ActiveCfg = Debug|Any CPU
		{C767217D-18AA-42FC-B8FE-72088C10CAD5}.Debug|Any CPU.Build.0 = Debug|Any CPU
		{C767217D-18AA-42FC-B8FE-72088C10CAD5}.Release|Any CPU.ActiveCfg = Release|Any CPU
		{C767217D-18AA-42FC-B8FE-72088C10CAD5}.Release|Any CPU.Build.0 = Release|Any CPU
		{CA7ED4F2-18D2-40EA-B185-778F83FA58FB}.Debug|Any CPU.ActiveCfg = Debug|Any CPU
		{CA7ED4F2-18D2-40EA-B185-778F83FA58FB}.Debug|Any CPU.Build.0 = Debug|Any CPU
		{CA7ED4F2-18D2-40EA-B185-778F83FA58FB}.Release|Any CPU.ActiveCfg = Release|Any CPU
		{CA7ED4F2-18D2-40EA-B185-778F83FA58FB}.Release|Any CPU.Build.0 = Release|Any CPU
		{9401E108-89E8-4B2A-8037-58A9ADBD0DCD}.Debug|Any CPU.ActiveCfg = Debug|Any CPU
		{9401E108-89E8-4B2A-8037-58A9ADBD0DCD}.Debug|Any CPU.Build.0 = Debug|Any CPU
		{9401E108-89E8-4B2A-8037-58A9ADBD0DCD}.Release|Any CPU.ActiveCfg = Release|Any CPU
		{9401E108-89E8-4B2A-8037-58A9ADBD0DCD}.Release|Any CPU.Build.0 = Release|Any CPU
	EndGlobalSection
	GlobalSection(SolutionProperties) = preSolution
		HideSolutionNode = FALSE
	EndGlobalSection
	GlobalSection(ExtensibilityGlobals) = postSolution
		SolutionGuid = {8C6B008F-1488-4170-B119-792FC7FEE79F}
	EndGlobalSection
EndGlobal
