
Microsoft Visual Studio Solution File, Format Version 12.00
# Visual Studio 15
VisualStudioVersion = 15.0.26730.12
MinimumVisualStudioVersion = 10.0.40219.1
Project("{FAE04EC0-301F-11D3-BF4B-00C04F79EFBC}") = "01.Greeting", "INTRO AND BASIC SYNTAX\01.Greeting.csproj", "{71E2580D-7CCC-42EE-85B6-C6E1BC8758D9}"
EndProject
Project("{FAE04EC0-301F-11D3-BF4B-00C04F79EFBC}") = "02. Add Two Numbers", "02. Add Two Numbers\02. Add Two Numbers.csproj", "{DF806741-3CDE-4C26-BF7B-230BC08E5807}"
EndProject
Project("{FAE04EC0-301F-11D3-BF4B-00C04F79EFBC}") = "03.EmploeeData", "03.EmploeeData\03.EmploeeData.csproj", "{BFFBD5DA-A33C-4816-A83D-C3F62B96721C}"
EndProject
Global
	GlobalSection(SolutionConfigurationPlatforms) = preSolution
		Debug|Any CPU = Debug|Any CPU
		Release|Any CPU = Release|Any CPU
	EndGlobalSection
	GlobalSection(ProjectConfigurationPlatforms) = postSolution
		{71E2580D-7CCC-42EE-85B6-C6E1BC8758D9}.Debug|Any CPU.ActiveCfg = Debug|Any CPU
		{71E2580D-7CCC-42EE-85B6-C6E1BC8758D9}.Debug|Any CPU.Build.0 = Debug|Any CPU
		{71E2580D-7CCC-42EE-85B6-C6E1BC8758D9}.Release|Any CPU.ActiveCfg = Release|Any CPU
		{71E2580D-7CCC-42EE-85B6-C6E1BC8758D9}.Release|Any CPU.Build.0 = Release|Any CPU
		{DF806741-3CDE-4C26-BF7B-230BC08E5807}.Debug|Any CPU.ActiveCfg = Debug|Any CPU
		{DF806741-3CDE-4C26-BF7B-230BC08E5807}.Debug|Any CPU.Build.0 = Debug|Any CPU
		{DF806741-3CDE-4C26-BF7B-230BC08E5807}.Release|Any CPU.ActiveCfg = Release|Any CPU
		{DF806741-3CDE-4C26-BF7B-230BC08E5807}.Release|Any CPU.Build.0 = Release|Any CPU
		{BFFBD5DA-A33C-4816-A83D-C3F62B96721C}.Debug|Any CPU.ActiveCfg = Debug|Any CPU
		{BFFBD5DA-A33C-4816-A83D-C3F62B96721C}.Debug|Any CPU.Build.0 = Debug|Any CPU
		{BFFBD5DA-A33C-4816-A83D-C3F62B96721C}.Release|Any CPU.ActiveCfg = Release|Any CPU
		{BFFBD5DA-A33C-4816-A83D-C3F62B96721C}.Release|Any CPU.Build.0 = Release|Any CPU
	EndGlobalSection
	GlobalSection(SolutionProperties) = preSolution
		HideSolutionNode = FALSE
	EndGlobalSection
	GlobalSection(ExtensibilityGlobals) = postSolution
		SolutionGuid = {400921F4-06E9-44DD-A36F-B435C9672E87}
	EndGlobalSection
EndGlobal
